
Microsoft Visual Studio Solution File, Format Version 12.00
# Visual Studio Version 17
VisualStudioVersion = 17.3.32901.215
MinimumVisualStudioVersion = 10.0.40219.1
Project("{FAE04EC0-301F-11D3-BF4B-00C04F79EFBC}") = "WpfApp5", "WpfApp5\WpfApp5.csproj", "{593528FB-F4CE-4F4E-ADF5-D57BF1AC2244}"
EndProject
Global
	GlobalSection(SolutionConfigurationPlatforms) = preSolution
		Debug|Any CPU = Debug|Any CPU
		Release|Any CPU = Release|Any CPU
	EndGlobalSection
	GlobalSection(ProjectConfigurationPlatforms) = postSolution
		{593528FB-F4CE-4F4E-ADF5-D57BF1AC2244}.Debug|Any CPU.ActiveCfg = Debug|Any CPU
		{593528FB-F4CE-4F4E-ADF5-D57BF1AC2244}.Debug|Any CPU.Build.0 = Debug|Any CPU
		{593528FB-F4CE-4F4E-ADF5-D57BF1AC2244}.Release|Any CPU.ActiveCfg = Release|Any CPU
		{593528FB-F4CE-4F4E-ADF5-D57BF1AC2244}.Release|Any CPU.Build.0 = Release|Any CPU
	EndGlobalSection
	GlobalSection(SolutionProperties) = preSolution
		HideSolutionNode = FALSE
	EndGlobalSection
	GlobalSection(ExtensibilityGlobals) = postSolution
		SolutionGuid = {318CEEB5-DAAF-4EA5-BD29-88E917F39D39}
	EndGlobalSection
EndGlobal
